
Microsoft Visual Studio Solution File, Format Version 12.00
# Visual Studio Version 17
VisualStudioVersion = 17.14.36401.2 d17.14
MinimumVisualStudioVersion = 10.0.40219.1
Project("{FAE04EC0-301F-11D3-BF4B-00C04F79EFBC}") = "NmqDay09LabCF", "NmqDay09LabCF\NmqDay09LabCF.csproj", "{BF04A8DF-81BA-4F14-B44A-CA8392E40997}"
EndProject
Global
	GlobalSection(SolutionConfigurationPlatforms) = preSolution
		Debug|Any CPU = Debug|Any CPU
		Release|Any CPU = Release|Any CPU
	EndGlobalSection
	GlobalSection(ProjectConfigurationPlatforms) = postSolution
		{BF04A8DF-81BA-4F14-B44A-CA8392E40997}.Debug|Any CPU.ActiveCfg = Debug|Any CPU
		{BF04A8DF-81BA-4F14-B44A-CA8392E40997}.Debug|Any CPU.Build.0 = Debug|Any CPU
		{BF04A8DF-81BA-4F14-B44A-CA8392E40997}.Release|Any CPU.ActiveCfg = Release|Any CPU
		{BF04A8DF-81BA-4F14-B44A-CA8392E40997}.Release|Any CPU.Build.0 = Release|Any CPU
	EndGlobalSection
	GlobalSection(SolutionProperties) = preSolution
		HideSolutionNode = FALSE
	EndGlobalSection
	GlobalSection(ExtensibilityGlobals) = postSolution
		SolutionGuid = {E6A5D4A4-E56B-4F24-83C3-232492E15E89}
	EndGlobalSection
EndGlobal
