
Microsoft Visual Studio Solution File, Format Version 12.00
# Visual Studio Version 17
VisualStudioVersion = 17.14.36401.2 d17.14
MinimumVisualStudioVersion = 10.0.40219.1
Project("{FAE04EC0-301F-11D3-BF4B-00C04F79EFBC}") = "day06lab", "day06lab\day06lab.csproj", "{8E176467-4949-4222-AA0E-FBD0BCA27951}"
EndProject
Global
	GlobalSection(SolutionConfigurationPlatforms) = preSolution
		Debug|Any CPU = Debug|Any CPU
		Release|Any CPU = Release|Any CPU
	EndGlobalSection
	GlobalSection(ProjectConfigurationPlatforms) = postSolution
		{8E176467-4949-4222-AA0E-FBD0BCA27951}.Debug|Any CPU.ActiveCfg = Debug|Any CPU
		{8E176467-4949-4222-AA0E-FBD0BCA27951}.Debug|Any CPU.Build.0 = Debug|Any CPU
		{8E176467-4949-4222-AA0E-FBD0BCA27951}.Release|Any CPU.ActiveCfg = Release|Any CPU
		{8E176467-4949-4222-AA0E-FBD0BCA27951}.Release|Any CPU.Build.0 = Release|Any CPU
	EndGlobalSection
	GlobalSection(SolutionProperties) = preSolution
		HideSolutionNode = FALSE
	EndGlobalSection
	GlobalSection(ExtensibilityGlobals) = postSolution
		SolutionGuid = {0EF4BCD5-650F-408F-8CED-114EF1A459E9}
	EndGlobalSection
EndGlobal
