
Microsoft Visual Studio Solution File, Format Version 12.00
# Visual Studio Version 17
VisualStudioVersion = 17.14.36401.2 d17.14
MinimumVisualStudioVersion = 10.0.40219.1
Project("{FAE04EC0-301F-11D3-BF4B-00C04F79EFBC}") = "nmqlab4", "nmqlab4\nmqlab4.csproj", "{4900EB0D-C737-4C2D-A546-5E3A4D03F9F5}"
EndProject
Global
	GlobalSection(SolutionConfigurationPlatforms) = preSolution
		Debug|Any CPU = Debug|Any CPU
		Release|Any CPU = Release|Any CPU
	EndGlobalSection
	GlobalSection(ProjectConfigurationPlatforms) = postSolution
		{4900EB0D-C737-4C2D-A546-5E3A4D03F9F5}.Debug|Any CPU.ActiveCfg = Debug|Any CPU
		{4900EB0D-C737-4C2D-A546-5E3A4D03F9F5}.Debug|Any CPU.Build.0 = Debug|Any CPU
		{4900EB0D-C737-4C2D-A546-5E3A4D03F9F5}.Release|Any CPU.ActiveCfg = Release|Any CPU
		{4900EB0D-C737-4C2D-A546-5E3A4D03F9F5}.Release|Any CPU.Build.0 = Release|Any CPU
	EndGlobalSection
	GlobalSection(SolutionProperties) = preSolution
		HideSolutionNode = FALSE
	EndGlobalSection
	GlobalSection(ExtensibilityGlobals) = postSolution
		SolutionGuid = {88CFEB7C-6F16-4D1D-AAF5-C29C1C7F863F}
	EndGlobalSection
EndGlobal
